// !$*UTF8*$!
{
	archiveVersion = 1;
	classes = {
	};
	objectVersion = 50;
	objects = {

/* Begin PBXBuildFile section */
		2054A73B9C6D113D25916200 /* Pods_Bye_Thing.framework in Frameworks */ = {isa = PBXBuildFile; fileRef = 562DD27C5EDF7BE3913FA307 /* Pods_Bye_Thing.framework */; };
		EF059722229C2A3E00B54552 /* AppDelegate.swift in Sources */ = {isa = PBXBuildFile; fileRef = EF059721229C2A3E00B54552 /* AppDelegate.swift */; };
		EF059724229C2A3E00B54552 /* AuthViewController.swift in Sources */ = {isa = PBXBuildFile; fileRef = EF059723229C2A3E00B54552 /* AuthViewController.swift */; };
		EF059727229C2A3E00B54552 /* Auth.storyboard in Resources */ = {isa = PBXBuildFile; fileRef = EF059725229C2A3E00B54552 /* Auth.storyboard */; };
		EF05972C229C2A3F00B54552 /* LaunchScreen.storyboard in Resources */ = {isa = PBXBuildFile; fileRef = EF05972A229C2A3F00B54552 /* LaunchScreen.storyboard */; };
		EF05975E229D05D300B54552 /* AuthButton.swift in Sources */ = {isa = PBXBuildFile; fileRef = EF05975D229D05D300B54552 /* AuthButton.swift */; };
		EF059760229D1C5700B54552 /* SigninViewController.swift in Sources */ = {isa = PBXBuildFile; fileRef = EF05975F229D1C5700B54552 /* SigninViewController.swift */; };
		EF126BFC22AA21D900AE12B9 /* StorageServices.swift in Sources */ = {isa = PBXBuildFile; fileRef = EF126BFB22AA21D900AE12B9 /* StorageServices.swift */; };
		EF33122922C913BE000EA3D6 /* InventoryTypeCollectionViewCell.swift in Sources */ = {isa = PBXBuildFile; fileRef = EF33122822C913BE000EA3D6 /* InventoryTypeCollectionViewCell.swift */; };
		EF33123C22C91D6F000EA3D6 /* Montserrat-Regular.otf in Resources */ = {isa = PBXBuildFile; fileRef = EF33123822C91D6F000EA3D6 /* Montserrat-Regular.otf */; };
		EF33123D22C91D6F000EA3D6 /* Montserrat-Thin.otf in Resources */ = {isa = PBXBuildFile; fileRef = EF33123922C91D6F000EA3D6 /* Montserrat-Thin.otf */; };
		EF33123E22C91D6F000EA3D6 /* Montserrat-ExtraLight.otf in Resources */ = {isa = PBXBuildFile; fileRef = EF33123A22C91D6F000EA3D6 /* Montserrat-ExtraLight.otf */; };
		EF33123F22C91D6F000EA3D6 /* Montserrat-SemiBold.otf in Resources */ = {isa = PBXBuildFile; fileRef = EF33123B22C91D6F000EA3D6 /* Montserrat-SemiBold.otf */; };
		EF65745122DA0A6C0056F9BE /* HistoryViewController.swift in Sources */ = {isa = PBXBuildFile; fileRef = EF65745022DA0A6C0056F9BE /* HistoryViewController.swift */; };
		EF65745422DA0AFC0056F9BE /* BidTableViewCell.swift in Sources */ = {isa = PBXBuildFile; fileRef = EF65745322DA0AFC0056F9BE /* BidTableViewCell.swift */; };
		EF73890022AE63A3009B7013 /* InventoryTableViewCellLabelsView.swift in Sources */ = {isa = PBXBuildFile; fileRef = EF7388FF22AE63A3009B7013 /* InventoryTableViewCellLabelsView.swift */; };
		EF73890222AE6431009B7013 /* RoundedCornerView.swift in Sources */ = {isa = PBXBuildFile; fileRef = EF73890122AE6431009B7013 /* RoundedCornerView.swift */; };
		EF73890822AE6642009B7013 /* InventoryTableVIewCellImageView.swift in Sources */ = {isa = PBXBuildFile; fileRef = EF73890722AE6642009B7013 /* InventoryTableVIewCellImageView.swift */; };
		EF771D8F22BCB16E00879D1C /* DetailViewController.swift in Sources */ = {isa = PBXBuildFile; fileRef = EF771D8E22BCB16E00879D1C /* DetailViewController.swift */; };
		EFA00E9622A28E3300B03A66 /* FirestoreServices.swift in Sources */ = {isa = PBXBuildFile; fileRef = EFA00E9522A28E3300B03A66 /* FirestoreServices.swift */; };
		EFA00E9822A2E51800B03A66 /* Inventory.storyboard in Resources */ = {isa = PBXBuildFile; fileRef = EFA00E9722A2E51800B03A66 /* Inventory.storyboard */; };
		EFA00E9E22A2EB0400B03A66 /* assets.xcassets in Resources */ = {isa = PBXBuildFile; fileRef = EFA00E9D22A2EB0400B03A66 /* assets.xcassets */; };
		EFA00EA022A2ECDA00B03A66 /* InventoryViewController.swift in Sources */ = {isa = PBXBuildFile; fileRef = EFA00E9F22A2ECDA00B03A66 /* InventoryViewController.swift */; };
		EFA00EA222A2ED0800B03A66 /* AddNewInventoryViewController.swift in Sources */ = {isa = PBXBuildFile; fileRef = EFA00EA122A2ED0800B03A66 /* AddNewInventoryViewController.swift */; };
		EFA00EA422A3DEFD00B03A66 /* LogOutViewController.swift in Sources */ = {isa = PBXBuildFile; fileRef = EFA00EA322A3DEFD00B03A66 /* LogOutViewController.swift */; };
		EFA00EA622A434F300B03A66 /* InventoryDescriptionTextView.swift in Sources */ = {isa = PBXBuildFile; fileRef = EFA00EA522A434F300B03A66 /* InventoryDescriptionTextView.swift */; };
		EFA00EA822A43DC500B03A66 /* InventoryType.swift in Sources */ = {isa = PBXBuildFile; fileRef = EFA00EA722A43DC500B03A66 /* InventoryType.swift */; };
		EFDCB11422B7B4FA0043C524 /* Constants.swift in Sources */ = {isa = PBXBuildFile; fileRef = EFDCB11322B7B4FA0043C524 /* Constants.swift */; };
		EFE25E5D22ACDA33002BAB1B /* Inventory.swift in Sources */ = {isa = PBXBuildFile; fileRef = EFE25E5C22ACDA33002BAB1B /* Inventory.swift */; };
		EFE25E5F22ACDA8F002BAB1B /* InventoryTableViewCell.swift in Sources */ = {isa = PBXBuildFile; fileRef = EFE25E5E22ACDA8F002BAB1B /* InventoryTableViewCell.swift */; };
		EFEA232E22B6CD52003E8A09 /* GoogleService-Info.plist in Resources */ = {isa = PBXBuildFile; fileRef = EFEA232D22B6CD52003E8A09 /* GoogleService-Info.plist */; };
		EFEA233022B74872003E8A09 /* LoadingTableViewCell.swift in Sources */ = {isa = PBXBuildFile; fileRef = EFEA232F22B74872003E8A09 /* LoadingTableViewCell.swift */; };
		EFF0C13D22AFC38C0094D4EC /* DiscoverViewController.swift in Sources */ = {isa = PBXBuildFile; fileRef = EFF0C13C22AFC38C0094D4EC /* DiscoverViewController.swift */; };
		EFF0C13F22AFCA7A0094D4EC /* Discover.storyboard in Resources */ = {isa = PBXBuildFile; fileRef = EFF0C13E22AFCA7A0094D4EC /* Discover.storyboard */; };
		EFF0C14622B3904C0094D4EC /* UIAlertControllerExtension.swift in Sources */ = {isa = PBXBuildFile; fileRef = EFF0C14522B3904C0094D4EC /* UIAlertControllerExtension.swift */; };
/* End PBXBuildFile section */

/* Begin PBXFileReference section */
		3721CDA7E61CABA42525D314 /* Pods-Bye Thing.debug.xcconfig */ = {isa = PBXFileReference; includeInIndex = 1; lastKnownFileType = text.xcconfig; name = "Pods-Bye Thing.debug.xcconfig"; path = "Pods/Target Support Files/Pods-Bye Thing/Pods-Bye Thing.debug.xcconfig"; sourceTree = "<group>"; };
		562DD27C5EDF7BE3913FA307 /* Pods_Bye_Thing.framework */ = {isa = PBXFileReference; explicitFileType = wrapper.framework; includeInIndex = 0; path = Pods_Bye_Thing.framework; sourceTree = BUILT_PRODUCTS_DIR; };
		B683F3C1B2CB325EC76CF140 /* Pods-Bye Thing.release.xcconfig */ = {isa = PBXFileReference; includeInIndex = 1; lastKnownFileType = text.xcconfig; name = "Pods-Bye Thing.release.xcconfig"; path = "Pods/Target Support Files/Pods-Bye Thing/Pods-Bye Thing.release.xcconfig"; sourceTree = "<group>"; };
		EF05971E229C2A3E00B54552 /* Bye Thing.app */ = {isa = PBXFileReference; explicitFileType = wrapper.application; includeInIndex = 0; path = "Bye Thing.app"; sourceTree = BUILT_PRODUCTS_DIR; };
		EF059721229C2A3E00B54552 /* AppDelegate.swift */ = {isa = PBXFileReference; lastKnownFileType = sourcecode.swift; path = AppDelegate.swift; sourceTree = "<group>"; };
		EF059723229C2A3E00B54552 /* AuthViewController.swift */ = {isa = PBXFileReference; lastKnownFileType = sourcecode.swift; path = AuthViewController.swift; sourceTree = "<group>"; };
		EF059726229C2A3E00B54552 /* Base */ = {isa = PBXFileReference; lastKnownFileType = file.storyboard; name = Base; path = Base.lproj/Auth.storyboard; sourceTree = "<group>"; };
		EF05972B229C2A3F00B54552 /* Base */ = {isa = PBXFileReference; lastKnownFileType = file.storyboard; name = Base; path = Base.lproj/LaunchScreen.storyboard; sourceTree = "<group>"; };
		EF05972D229C2A3F00B54552 /* Info.plist */ = {isa = PBXFileReference; lastKnownFileType = text.plist.xml; path = Info.plist; sourceTree = "<group>"; };
		EF05975D229D05D300B54552 /* AuthButton.swift */ = {isa = PBXFileReference; lastKnownFileType = sourcecode.swift; path = AuthButton.swift; sourceTree = "<group>"; };
		EF05975F229D1C5700B54552 /* SigninViewController.swift */ = {isa = PBXFileReference; lastKnownFileType = sourcecode.swift; path = SigninViewController.swift; sourceTree = "<group>"; };
		EF126BFB22AA21D900AE12B9 /* StorageServices.swift */ = {isa = PBXFileReference; lastKnownFileType = sourcecode.swift; path = StorageServices.swift; sourceTree = "<group>"; };
		EF33122822C913BE000EA3D6 /* InventoryTypeCollectionViewCell.swift */ = {isa = PBXFileReference; fileEncoding = 4; lastKnownFileType = sourcecode.swift; path = InventoryTypeCollectionViewCell.swift; sourceTree = "<group>"; };
		EF33123822C91D6F000EA3D6 /* Montserrat-Regular.otf */ = {isa = PBXFileReference; lastKnownFileType = file; path = "Montserrat-Regular.otf"; sourceTree = "<group>"; };
		EF33123922C91D6F000EA3D6 /* Montserrat-Thin.otf */ = {isa = PBXFileReference; lastKnownFileType = file; path = "Montserrat-Thin.otf"; sourceTree = "<group>"; };
		EF33123A22C91D6F000EA3D6 /* Montserrat-ExtraLight.otf */ = {isa = PBXFileReference; lastKnownFileType = file; path = "Montserrat-ExtraLight.otf"; sourceTree = "<group>"; };
		EF33123B22C91D6F000EA3D6 /* Montserrat-SemiBold.otf */ = {isa = PBXFileReference; lastKnownFileType = file; path = "Montserrat-SemiBold.otf"; sourceTree = "<group>"; };
		EF65745022DA0A6C0056F9BE /* HistoryViewController.swift */ = {isa = PBXFileReference; lastKnownFileType = sourcecode.swift; path = HistoryViewController.swift; sourceTree = "<group>"; };
		EF65745322DA0AFC0056F9BE /* BidTableViewCell.swift */ = {isa = PBXFileReference; lastKnownFileType = sourcecode.swift; path = BidTableViewCell.swift; sourceTree = "<group>"; };
		EF7388FF22AE63A3009B7013 /* InventoryTableViewCellLabelsView.swift */ = {isa = PBXFileReference; lastKnownFileType = sourcecode.swift; path = InventoryTableViewCellLabelsView.swift; sourceTree = "<group>"; };
		EF73890122AE6431009B7013 /* RoundedCornerView.swift */ = {isa = PBXFileReference; lastKnownFileType = sourcecode.swift; path = RoundedCornerView.swift; sourceTree = "<group>"; };
		EF73890722AE6642009B7013 /* InventoryTableVIewCellImageView.swift */ = {isa = PBXFileReference; lastKnownFileType = sourcecode.swift; path = InventoryTableVIewCellImageView.swift; sourceTree = "<group>"; };
		EF771D8E22BCB16E00879D1C /* DetailViewController.swift */ = {isa = PBXFileReference; lastKnownFileType = sourcecode.swift; path = DetailViewController.swift; sourceTree = "<group>"; };
		EF7BFED022B8B02A0096A4D2 /* Bye Thing-Bridging-Header.h */ = {isa = PBXFileReference; lastKnownFileType = sourcecode.c.h; path = "Bye Thing-Bridging-Header.h"; sourceTree = "<group>"; };
		EFA00E9522A28E3300B03A66 /* FirestoreServices.swift */ = {isa = PBXFileReference; lastKnownFileType = sourcecode.swift; path = FirestoreServices.swift; sourceTree = "<group>"; };
		EFA00E9722A2E51800B03A66 /* Inventory.storyboard */ = {isa = PBXFileReference; lastKnownFileType = file.storyboard; path = Inventory.storyboard; sourceTree = "<group>"; };
		EFA00E9D22A2EB0400B03A66 /* assets.xcassets */ = {isa = PBXFileReference; lastKnownFileType = folder.assetcatalog; path = assets.xcassets; sourceTree = "<group>"; };
		EFA00E9F22A2ECDA00B03A66 /* InventoryViewController.swift */ = {isa = PBXFileReference; lastKnownFileType = sourcecode.swift; path = InventoryViewController.swift; sourceTree = "<group>"; };
		EFA00EA122A2ED0800B03A66 /* AddNewInventoryViewController.swift */ = {isa = PBXFileReference; lastKnownFileType = sourcecode.swift; path = AddNewInventoryViewController.swift; sourceTree = "<group>"; };
		EFA00EA322A3DEFD00B03A66 /* LogOutViewController.swift */ = {isa = PBXFileReference; lastKnownFileType = sourcecode.swift; path = LogOutViewController.swift; sourceTree = "<group>"; };
		EFA00EA522A434F300B03A66 /* InventoryDescriptionTextView.swift */ = {isa = PBXFileReference; lastKnownFileType = sourcecode.swift; path = InventoryDescriptionTextView.swift; sourceTree = "<group>"; };
		EFA00EA722A43DC500B03A66 /* InventoryType.swift */ = {isa = PBXFileReference; lastKnownFileType = sourcecode.swift; path = InventoryType.swift; sourceTree = "<group>"; };
		EFDCB11322B7B4FA0043C524 /* Constants.swift */ = {isa = PBXFileReference; lastKnownFileType = sourcecode.swift; path = Constants.swift; sourceTree = "<group>"; };
		EFE25E5C22ACDA33002BAB1B /* Inventory.swift */ = {isa = PBXFileReference; lastKnownFileType = sourcecode.swift; path = Inventory.swift; sourceTree = "<group>"; };
		EFE25E5E22ACDA8F002BAB1B /* InventoryTableViewCell.swift */ = {isa = PBXFileReference; lastKnownFileType = sourcecode.swift; path = InventoryTableViewCell.swift; sourceTree = "<group>"; };
		EFEA232D22B6CD52003E8A09 /* GoogleService-Info.plist */ = {isa = PBXFileReference; fileEncoding = 4; lastKnownFileType = text.plist.xml; name = "GoogleService-Info.plist"; path = "/Users/aaronlin/Desktop/Xcode/Bye Thing/Bye Thing/GoogleService-Info.plist"; sourceTree = "<absolute>"; };
		EFEA232F22B74872003E8A09 /* LoadingTableViewCell.swift */ = {isa = PBXFileReference; lastKnownFileType = sourcecode.swift; path = LoadingTableViewCell.swift; sourceTree = "<group>"; };
		EFF0C13C22AFC38C0094D4EC /* DiscoverViewController.swift */ = {isa = PBXFileReference; lastKnownFileType = sourcecode.swift; path = DiscoverViewController.swift; sourceTree = "<group>"; };
		EFF0C13E22AFCA7A0094D4EC /* Discover.storyboard */ = {isa = PBXFileReference; lastKnownFileType = file.storyboard; path = Discover.storyboard; sourceTree = "<group>"; };
		EFF0C14522B3904C0094D4EC /* UIAlertControllerExtension.swift */ = {isa = PBXFileReference; lastKnownFileType = sourcecode.swift; path = UIAlertControllerExtension.swift; sourceTree = "<group>"; };
/* End PBXFileReference section */

/* Begin PBXFrameworksBuildPhase section */
		EF05971B229C2A3E00B54552 /* Frameworks */ = {
			isa = PBXFrameworksBuildPhase;
			buildActionMask = 2147483647;
			files = (
				2054A73B9C6D113D25916200 /* Pods_Bye_Thing.framework in Frameworks */,
			);
			runOnlyForDeploymentPostprocessing = 0;
		};
/* End PBXFrameworksBuildPhase section */

/* Begin PBXGroup section */
		1A1DA935508433143E94E5E2 /* Pods */ = {
			isa = PBXGroup;
			children = (
				3721CDA7E61CABA42525D314 /* Pods-Bye Thing.debug.xcconfig */,
				B683F3C1B2CB325EC76CF140 /* Pods-Bye Thing.release.xcconfig */,
			);
			name = Pods;
			sourceTree = "<group>";
		};
		3184776AA6C98106A8BD1FE8 /* Frameworks */ = {
			isa = PBXGroup;
			children = (
				562DD27C5EDF7BE3913FA307 /* Pods_Bye_Thing.framework */,
			);
			name = Frameworks;
			sourceTree = "<group>";
		};
		EF059715229C2A3E00B54552 = {
			isa = PBXGroup;
			children = (
				EF059763229D6C9600B54552 /* Services */,
				EF059720229C2A3E00B54552 /* Bye Thing */,
				EFA00E9D22A2EB0400B03A66 /* assets.xcassets */,
				EF05971F229C2A3E00B54552 /* Products */,
				1A1DA935508433143E94E5E2 /* Pods */,
				3184776AA6C98106A8BD1FE8 /* Frameworks */,
				EF7BFED022B8B02A0096A4D2 /* Bye Thing-Bridging-Header.h */,
			);
			sourceTree = "<group>";
		};
		EF05971F229C2A3E00B54552 /* Products */ = {
			isa = PBXGroup;
			children = (
				EF05971E229C2A3E00B54552 /* Bye Thing.app */,
			);
			name = Products;
			sourceTree = "<group>";
		};
		EF059720229C2A3E00B54552 /* Bye Thing */ = {
			isa = PBXGroup;
			children = (
				EFF0C14022B201B00094D4EC /* App Delegates */,
				EFA00E9C22A2E58700B03A66 /* Storyboards */,
				EF05975A229D04C100B54552 /* Models */,
				EF059759229D04BB00B54552 /* Views */,
				EF059758229D04B000B54552 /* Controllers */,
				EFF0C14422B390200094D4EC /* Extensions */,
				EF059733229C453500B54552 /* Fonts */,
				EFDCB11222B7B4D90043C524 /* Constants */,
				EF05972D229C2A3F00B54552 /* Info.plist */,
				EFEA232D22B6CD52003E8A09 /* GoogleService-Info.plist */,
			);
			path = "Bye Thing";
			sourceTree = "<group>";
		};
		EF059733229C453500B54552 /* Fonts */ = {
			isa = PBXGroup;
			children = (
				EF33123A22C91D6F000EA3D6 /* Montserrat-ExtraLight.otf */,
				EF33123822C91D6F000EA3D6 /* Montserrat-Regular.otf */,
				EF33123B22C91D6F000EA3D6 /* Montserrat-SemiBold.otf */,
				EF33123922C91D6F000EA3D6 /* Montserrat-Thin.otf */,
			);
			path = Fonts;
			sourceTree = "<group>";
		};
		EF059758229D04B000B54552 /* Controllers */ = {
			isa = PBXGroup;
			children = (
				EFA00E9B22A2E56100B03A66 /* Inventory */,
				EFA00E9922A2E53C00B03A66 /* Auth */,
				EFF0C13B22AFC3670094D4EC /* Discover */,
			);
			path = Controllers;
			sourceTree = "<group>";
		};
		EF059759229D04BB00B54552 /* Views */ = {
			isa = PBXGroup;
			children = (
				EF05975D229D05D300B54552 /* AuthButton.swift */,
				EFA00EA522A434F300B03A66 /* InventoryDescriptionTextView.swift */,
				EF73890122AE6431009B7013 /* RoundedCornerView.swift */,
				EF33122822C913BE000EA3D6 /* InventoryTypeCollectionViewCell.swift */,
				EF73890922AE6653009B7013 /* Inventory Table View Cell */,
				EFF0C14322B2084D0094D4EC /* Discover Table View Cell */,
				EF65745222DA0ACF0056F9BE /* Bid Table View Cell */,
			);
			path = Views;
			sourceTree = "<group>";
		};
		EF05975A229D04C100B54552 /* Models */ = {
			isa = PBXGroup;
			children = (
				EFA00EA722A43DC500B03A66 /* InventoryType.swift */,
				EFE25E5C22ACDA33002BAB1B /* Inventory.swift */,
			);
			path = Models;
			sourceTree = "<group>";
		};
		EF059763229D6C9600B54552 /* Services */ = {
			isa = PBXGroup;
			children = (
				EFA00E9522A28E3300B03A66 /* FirestoreServices.swift */,
				EF126BFB22AA21D900AE12B9 /* StorageServices.swift */,
			);
			path = Services;
			sourceTree = "<group>";
		};
		EF65745222DA0ACF0056F9BE /* Bid Table View Cell */ = {
			isa = PBXGroup;
			children = (
				EF65745322DA0AFC0056F9BE /* BidTableViewCell.swift */,
			);
			path = "Bid Table View Cell";
			sourceTree = "<group>";
		};
		EF73890922AE6653009B7013 /* Inventory Table View Cell */ = {
			isa = PBXGroup;
			children = (
				EFE25E5E22ACDA8F002BAB1B /* InventoryTableViewCell.swift */,
				EF7388FF22AE63A3009B7013 /* InventoryTableViewCellLabelsView.swift */,
				EF73890722AE6642009B7013 /* InventoryTableVIewCellImageView.swift */,
			);
			path = "Inventory Table View Cell";
			sourceTree = "<group>";
		};
		EFA00E9922A2E53C00B03A66 /* Auth */ = {
			isa = PBXGroup;
			children = (
				EF059723229C2A3E00B54552 /* AuthViewController.swift */,
				EF05975F229D1C5700B54552 /* SigninViewController.swift */,
				EFA00EA322A3DEFD00B03A66 /* LogOutViewController.swift */,
			);
			path = Auth;
			sourceTree = "<group>";
		};
		EFA00E9B22A2E56100B03A66 /* Inventory */ = {
			isa = PBXGroup;
			children = (
				EFA00E9F22A2ECDA00B03A66 /* InventoryViewController.swift */,
				EFA00EA122A2ED0800B03A66 /* AddNewInventoryViewController.swift */,
			);
			path = Inventory;
			sourceTree = "<group>";
		};
		EFA00E9C22A2E58700B03A66 /* Storyboards */ = {
			isa = PBXGroup;
			children = (
				EF059725229C2A3E00B54552 /* Auth.storyboard */,
				EFA00E9722A2E51800B03A66 /* Inventory.storyboard */,
				EFF0C13E22AFCA7A0094D4EC /* Discover.storyboard */,
				EF05972A229C2A3F00B54552 /* LaunchScreen.storyboard */,
			);
			path = Storyboards;
			sourceTree = "<group>";
		};
		EFDCB11222B7B4D90043C524 /* Constants */ = {
			isa = PBXGroup;
			children = (
				EFDCB11322B7B4FA0043C524 /* Constants.swift */,
			);
			path = Constants;
			sourceTree = "<group>";
		};
		EFF0C13B22AFC3670094D4EC /* Discover */ = {
			isa = PBXGroup;
			children = (
				EFF0C13C22AFC38C0094D4EC /* DiscoverViewController.swift */,
				EF771D8E22BCB16E00879D1C /* DetailViewController.swift */,
				EF65745022DA0A6C0056F9BE /* HistoryViewController.swift */,
			);
			path = Discover;
			sourceTree = "<group>";
		};
		EFF0C14022B201B00094D4EC /* App Delegates */ = {
			isa = PBXGroup;
			children = (
				EF059721229C2A3E00B54552 /* AppDelegate.swift */,
			);
			path = "App Delegates";
			sourceTree = "<group>";
		};
		EFF0C14322B2084D0094D4EC /* Discover Table View Cell */ = {
			isa = PBXGroup;
			children = (
				EFEA232F22B74872003E8A09 /* LoadingTableViewCell.swift */,
			);
			path = "Discover Table View Cell";
			sourceTree = "<group>";
		};
		EFF0C14422B390200094D4EC /* Extensions */ = {
			isa = PBXGroup;
			children = (
				EFF0C14522B3904C0094D4EC /* UIAlertControllerExtension.swift */,
			);
			path = Extensions;
			sourceTree = "<group>";
		};
/* End PBXGroup section */

/* Begin PBXNativeTarget section */
		EF05971D229C2A3E00B54552 /* Bye Thing */ = {
			isa = PBXNativeTarget;
			buildConfigurationList = EF059730229C2A3F00B54552 /* Build configuration list for PBXNativeTarget "Bye Thing" */;
			buildPhases = (
				43C4680B5CC93840B70976DE /* [CP] Check Pods Manifest.lock */,
				EF05971A229C2A3E00B54552 /* Sources */,
				EF05971B229C2A3E00B54552 /* Frameworks */,
				EF05971C229C2A3E00B54552 /* Resources */,
				87FC3752F4A810B3E124353F /* [CP] Embed Pods Frameworks */,
				BC213B360E0E3D99F9F4D450 /* [CP] Copy Pods Resources */,
			);
			buildRules = (
			);
			dependencies = (
			);
			name = "Bye Thing";
			productName = "Bye Thing";
			productReference = EF05971E229C2A3E00B54552 /* Bye Thing.app */;
			productType = "com.apple.product-type.application";
		};
/* End PBXNativeTarget section */

/* Begin PBXProject section */
		EF059716229C2A3E00B54552 /* Project object */ = {
			isa = PBXProject;
			attributes = {
				LastSwiftUpdateCheck = 1020;
				LastUpgradeCheck = 1020;
				ORGANIZATIONNAME = l.shaochien;
				TargetAttributes = {
					EF05971D229C2A3E00B54552 = {
						CreatedOnToolsVersion = 10.2.1;
						LastSwiftMigration = 1020;
					};
				};
			};
			buildConfigurationList = EF059719229C2A3E00B54552 /* Build configuration list for PBXProject "Bye Thing" */;
			compatibilityVersion = "Xcode 9.3";
			developmentRegion = en;
			hasScannedForEncodings = 0;
			knownRegions = (
				en,
				Base,
			);
			mainGroup = EF059715229C2A3E00B54552;
			productRefGroup = EF05971F229C2A3E00B54552 /* Products */;
			projectDirPath = "";
			projectRoot = "";
			targets = (
				EF05971D229C2A3E00B54552 /* Bye Thing */,
			);
		};
/* End PBXProject section */

/* Begin PBXResourcesBuildPhase section */
		EF05971C229C2A3E00B54552 /* Resources */ = {
			isa = PBXResourcesBuildPhase;
			buildActionMask = 2147483647;
			files = (
				EFA00E9822A2E51800B03A66 /* Inventory.storyboard in Resources */,
				EF33123D22C91D6F000EA3D6 /* Montserrat-Thin.otf in Resources */,
				EFEA232E22B6CD52003E8A09 /* GoogleService-Info.plist in Resources */,
				EFF0C13F22AFCA7A0094D4EC /* Discover.storyboard in Resources */,
				EF05972C229C2A3F00B54552 /* LaunchScreen.storyboard in Resources */,
				EF059727229C2A3E00B54552 /* Auth.storyboard in Resources */,
				EF33123C22C91D6F000EA3D6 /* Montserrat-Regular.otf in Resources */,
				EF33123E22C91D6F000EA3D6 /* Montserrat-ExtraLight.otf in Resources */,
				EFA00E9E22A2EB0400B03A66 /* assets.xcassets in Resources */,
				EF33123F22C91D6F000EA3D6 /* Montserrat-SemiBold.otf in Resources */,
			);
			runOnlyForDeploymentPostprocessing = 0;
		};
/* End PBXResourcesBuildPhase section */

/* Begin PBXShellScriptBuildPhase section */
		43C4680B5CC93840B70976DE /* [CP] Check Pods Manifest.lock */ = {
			isa = PBXShellScriptBuildPhase;
			buildActionMask = 2147483647;
			files = (
			);
			inputPaths = (
				"${PODS_PODFILE_DIR_PATH}/Podfile.lock",
				"${PODS_ROOT}/Manifest.lock",
			);
			name = "[CP] Check Pods Manifest.lock";
			outputPaths = (
				"$(DERIVED_FILE_DIR)/Pods-Bye Thing-checkManifestLockResult.txt",
			);
			runOnlyForDeploymentPostprocessing = 0;
			shellPath = /bin/sh;
			shellScript = "diff \"${PODS_PODFILE_DIR_PATH}/Podfile.lock\" \"${PODS_ROOT}/Manifest.lock\" > /dev/null\nif [ $? != 0 ] ; then\n    # print error to STDERR\n    echo \"error: The sandbox is not in sync with the Podfile.lock. Run 'pod install' or update your CocoaPods installation.\" >&2\n    exit 1\nfi\n# This output is used by Xcode 'outputs' to avoid re-running this script phase.\necho \"SUCCESS\" > \"${SCRIPT_OUTPUT_FILE_0}\"\n";
			showEnvVarsInLog = 0;
		};
		87FC3752F4A810B3E124353F /* [CP] Embed Pods Frameworks */ = {
			isa = PBXShellScriptBuildPhase;
			buildActionMask = 2147483647;
			files = (
			);
			inputPaths = (
				"${SRCROOT}/Pods/Target Support Files/Pods-Bye Thing/Pods-Bye Thing-frameworks.sh",
				"${BUILT_PRODUCTS_DIR}/BoringSSL-GRPC/openssl_grpc.framework",
				"${BUILT_PRODUCTS_DIR}/FBSDKCoreKit/FBSDKCoreKit.framework",
				"${BUILT_PRODUCTS_DIR}/FBSDKLoginKit/FBSDKLoginKit.framework",
				"${BUILT_PRODUCTS_DIR}/GTMSessionFetcher/GTMSessionFetcher.framework",
				"${BUILT_PRODUCTS_DIR}/GoogleToolboxForMac/GoogleToolboxForMac.framework",
				"${BUILT_PRODUCTS_DIR}/GoogleUtilities/GoogleUtilities.framework",
				"${BUILT_PRODUCTS_DIR}/IQKeyboardManagerSwift/IQKeyboardManagerSwift.framework",
				"${BUILT_PRODUCTS_DIR}/Protobuf/Protobuf.framework",
				"${BUILT_PRODUCTS_DIR}/SDWebImage/SDWebImage.framework",
				"${BUILT_PRODUCTS_DIR}/gRPC-C++/grpcpp.framework",
				"${BUILT_PRODUCTS_DIR}/gRPC-Core/grpc.framework",
				"${BUILT_PRODUCTS_DIR}/leveldb-library/leveldb.framework",
				"${BUILT_PRODUCTS_DIR}/nanopb/nanopb.framework",
			);
			name = "[CP] Embed Pods Frameworks";
			outputPaths = (
				"${TARGET_BUILD_DIR}/${FRAMEWORKS_FOLDER_PATH}/openssl_grpc.framework",
				"${TARGET_BUILD_DIR}/${FRAMEWORKS_FOLDER_PATH}/FBSDKCoreKit.framework",
				"${TARGET_BUILD_DIR}/${FRAMEWORKS_FOLDER_PATH}/FBSDKLoginKit.framework",
				"${TARGET_BUILD_DIR}/${FRAMEWORKS_FOLDER_PATH}/GTMSessionFetcher.framework",
				"${TARGET_BUILD_DIR}/${FRAMEWORKS_FOLDER_PATH}/GoogleToolboxForMac.framework",
				"${TARGET_BUILD_DIR}/${FRAMEWORKS_FOLDER_PATH}/GoogleUtilities.framework",
				"${TARGET_BUILD_DIR}/${FRAMEWORKS_FOLDER_PATH}/IQKeyboardManagerSwift.framework",
				"${TARGET_BUILD_DIR}/${FRAMEWORKS_FOLDER_PATH}/Protobuf.framework",
				"${TARGET_BUILD_DIR}/${FRAMEWORKS_FOLDER_PATH}/SDWebImage.framework",
				"${TARGET_BUILD_DIR}/${FRAMEWORKS_FOLDER_PATH}/grpcpp.framework",
				"${TARGET_BUILD_DIR}/${FRAMEWORKS_FOLDER_PATH}/grpc.framework",
				"${TARGET_BUILD_DIR}/${FRAMEWORKS_FOLDER_PATH}/leveldb.framework",
				"${TARGET_BUILD_DIR}/${FRAMEWORKS_FOLDER_PATH}/nanopb.framework",
			);
			runOnlyForDeploymentPostprocessing = 0;
			shellPath = /bin/sh;
			shellScript = "\"${SRCROOT}/Pods/Target Support Files/Pods-Bye Thing/Pods-Bye Thing-frameworks.sh\"\n";
			showEnvVarsInLog = 0;
		};
		BC213B360E0E3D99F9F4D450 /* [CP] Copy Pods Resources */ = {
			isa = PBXShellScriptBuildPhase;
			buildActionMask = 2147483647;
			files = (
			);
			inputPaths = (
				"${SRCROOT}/Pods/Target Support Files/Pods-Bye Thing/Pods-Bye Thing-resources.sh",
				"${PODS_ROOT}/GoogleSignIn/Resources/GoogleSignIn.bundle",
			);
			name = "[CP] Copy Pods Resources";
			outputPaths = (
				"${TARGET_BUILD_DIR}/${UNLOCALIZED_RESOURCES_FOLDER_PATH}/GoogleSignIn.bundle",
			);
			runOnlyForDeploymentPostprocessing = 0;
			shellPath = /bin/sh;
			shellScript = "\"${SRCROOT}/Pods/Target Support Files/Pods-Bye Thing/Pods-Bye Thing-resources.sh\"\n";
			showEnvVarsInLog = 0;
		};
/* End PBXShellScriptBuildPhase section */

/* Begin PBXSourcesBuildPhase section */
		EF05971A229C2A3E00B54552 /* Sources */ = {
			isa = PBXSourcesBuildPhase;
			buildActionMask = 2147483647;
			files = (
				EF73890022AE63A3009B7013 /* InventoryTableViewCellLabelsView.swift in Sources */,
				EF65745122DA0A6C0056F9BE /* HistoryViewController.swift in Sources */,
				EF33122922C913BE000EA3D6 /* InventoryTypeCollectionViewCell.swift in Sources */,
				EF059760229D1C5700B54552 /* SigninViewController.swift in Sources */,
				EFA00EA022A2ECDA00B03A66 /* InventoryViewController.swift in Sources */,
				EFA00EA822A43DC500B03A66 /* InventoryType.swift in Sources */,
				EF059724229C2A3E00B54552 /* AuthViewController.swift in Sources */,
				EF73890222AE6431009B7013 /* RoundedCornerView.swift in Sources */,
				EFA00EA622A434F300B03A66 /* InventoryDescriptionTextView.swift in Sources */,
				EF05975E229D05D300B54552 /* AuthButton.swift in Sources */,
				EFF0C13D22AFC38C0094D4EC /* DiscoverViewController.swift in Sources */,
				EFEA233022B74872003E8A09 /* LoadingTableViewCell.swift in Sources */,
				EF771D8F22BCB16E00879D1C /* DetailViewController.swift in Sources */,
				EFDCB11422B7B4FA0043C524 /* Constants.swift in Sources */,
				EF73890822AE6642009B7013 /* InventoryTableVIewCellImageView.swift in Sources */,
				EF059722229C2A3E00B54552 /* AppDelegate.swift in Sources */,
				EFE25E5F22ACDA8F002BAB1B /* InventoryTableViewCell.swift in Sources */,
				EFF0C14622B3904C0094D4EC /* UIAlertControllerExtension.swift in Sources */,
				EF65745422DA0AFC0056F9BE /* BidTableViewCell.swift in Sources */,
				EFA00EA222A2ED0800B03A66 /* AddNewInventoryViewController.swift in Sources */,
				EFA00EA422A3DEFD00B03A66 /* LogOutViewController.swift in Sources */,
				EFA00E9622A28E3300B03A66 /* FirestoreServices.swift in Sources */,
				EFE25E5D22ACDA33002BAB1B /* Inventory.swift in Sources */,
				EF126BFC22AA21D900AE12B9 /* StorageServices.swift in Sources */,
			);
			runOnlyForDeploymentPostprocessing = 0;
		};
/* End PBXSourcesBuildPhase section */

/* Begin PBXVariantGroup section */
		EF059725229C2A3E00B54552 /* Auth.storyboard */ = {
			isa = PBXVariantGroup;
			children = (
				EF059726229C2A3E00B54552 /* Base */,
			);
			name = Auth.storyboard;
			sourceTree = "<group>";
		};
		EF05972A229C2A3F00B54552 /* LaunchScreen.storyboard */ = {
			isa = PBXVariantGroup;
			children = (
				EF05972B229C2A3F00B54552 /* Base */,
			);
			name = LaunchScreen.storyboard;
			sourceTree = "<group>";
		};
/* End PBXVariantGroup section */

/* Begin XCBuildConfiguration section */
		EF05972E229C2A3F00B54552 /* Debug */ = {
			isa = XCBuildConfiguration;
			buildSettings = {
				ALWAYS_SEARCH_USER_PATHS = NO;
				CLANG_ANALYZER_NONNULL = YES;
				CLANG_ANALYZER_NUMBER_OBJECT_CONVERSION = YES_AGGRESSIVE;
				CLANG_CXX_LANGUAGE_STANDARD = "gnu++14";
				CLANG_CXX_LIBRARY = "libc++";
				CLANG_ENABLE_MODULES = YES;
				CLANG_ENABLE_OBJC_ARC = YES;
				CLANG_ENABLE_OBJC_WEAK = YES;
				CLANG_WARN_BLOCK_CAPTURE_AUTORELEASING = YES;
				CLANG_WARN_BOOL_CONVERSION = YES;
				CLANG_WARN_COMMA = YES;
				CLANG_WARN_CONSTANT_CONVERSION = YES;
				CLANG_WARN_DEPRECATED_OBJC_IMPLEMENTATIONS = YES;
				CLANG_WARN_DIRECT_OBJC_ISA_USAGE = YES_ERROR;
				CLANG_WARN_DOCUMENTATION_COMMENTS = YES;
				CLANG_WARN_EMPTY_BODY = YES;
				CLANG_WARN_ENUM_CONVERSION = YES;
				CLANG_WARN_INFINITE_RECURSION = YES;
				CLANG_WARN_INT_CONVERSION = YES;
				CLANG_WARN_NON_LITERAL_NULL_CONVERSION = YES;
				CLANG_WARN_OBJC_IMPLICIT_RETAIN_SELF = YES;
				CLANG_WARN_OBJC_LITERAL_CONVERSION = YES;
				CLANG_WARN_OBJC_ROOT_CLASS = YES_ERROR;
				CLANG_WARN_RANGE_LOOP_ANALYSIS = YES;
				CLANG_WARN_STRICT_PROTOTYPES = YES;
				CLANG_WARN_SUSPICIOUS_MOVE = YES;
				CLANG_WARN_UNGUARDED_AVAILABILITY = YES_AGGRESSIVE;
				CLANG_WARN_UNREACHABLE_CODE = YES;
				CLANG_WARN__DUPLICATE_METHOD_MATCH = YES;
				CODE_SIGN_IDENTITY = "iPhone Developer";
				COPY_PHASE_STRIP = NO;
				DEBUG_INFORMATION_FORMAT = dwarf;
				ENABLE_STRICT_OBJC_MSGSEND = YES;
				ENABLE_TESTABILITY = YES;
				GCC_C_LANGUAGE_STANDARD = gnu11;
				GCC_DYNAMIC_NO_PIC = NO;
				GCC_NO_COMMON_BLOCKS = YES;
				GCC_OPTIMIZATION_LEVEL = 0;
				GCC_PREPROCESSOR_DEFINITIONS = (
					"DEBUG=1",
					"$(inherited)",
				);
				GCC_WARN_64_TO_32_BIT_CONVERSION = YES;
				GCC_WARN_ABOUT_RETURN_TYPE = YES_ERROR;
				GCC_WARN_UNDECLARED_SELECTOR = YES;
				GCC_WARN_UNINITIALIZED_AUTOS = YES_AGGRESSIVE;
				GCC_WARN_UNUSED_FUNCTION = YES;
				GCC_WARN_UNUSED_VARIABLE = YES;
				IPHONEOS_DEPLOYMENT_TARGET = 12.2;
				MTL_ENABLE_DEBUG_INFO = INCLUDE_SOURCE;
				MTL_FAST_MATH = YES;
				ONLY_ACTIVE_ARCH = YES;
				OTHER_LDFLAGS = "";
				SDKROOT = iphoneos;
				SWIFT_ACTIVE_COMPILATION_CONDITIONS = DEBUG;
				SWIFT_OPTIMIZATION_LEVEL = "-Onone";
			};
			name = Debug;
		};
		EF05972F229C2A3F00B54552 /* Release */ = {
			isa = XCBuildConfiguration;
			buildSettings = {
				ALWAYS_SEARCH_USER_PATHS = NO;
				CLANG_ANALYZER_NONNULL = YES;
				CLANG_ANALYZER_NUMBER_OBJECT_CONVERSION = YES_AGGRESSIVE;
				CLANG_CXX_LANGUAGE_STANDARD = "gnu++14";
				CLANG_CXX_LIBRARY = "libc++";
				CLANG_ENABLE_MODULES = YES;
				CLANG_ENABLE_OBJC_ARC = YES;
				CLANG_ENABLE_OBJC_WEAK = YES;
				CLANG_WARN_BLOCK_CAPTURE_AUTORELEASING = YES;
				CLANG_WARN_BOOL_CONVERSION = YES;
				CLANG_WARN_COMMA = YES;
				CLANG_WARN_CONSTANT_CONVERSION = YES;
				CLANG_WARN_DEPRECATED_OBJC_IMPLEMENTATIONS = YES;
				CLANG_WARN_DIRECT_OBJC_ISA_USAGE = YES_ERROR;
				CLANG_WARN_DOCUMENTATION_COMMENTS = YES;
				CLANG_WARN_EMPTY_BODY = YES;
				CLANG_WARN_ENUM_CONVERSION = YES;
				CLANG_WARN_INFINITE_RECURSION = YES;
				CLANG_WARN_INT_CONVERSION = YES;
				CLANG_WARN_NON_LITERAL_NULL_CONVERSION = YES;
				CLANG_WARN_OBJC_IMPLICIT_RETAIN_SELF = YES;
				CLANG_WARN_OBJC_LITERAL_CONVERSION = YES;
				CLANG_WARN_OBJC_ROOT_CLASS = YES_ERROR;
				CLANG_WARN_RANGE_LOOP_ANALYSIS = YES;
				CLANG_WARN_STRICT_PROTOTYPES = YES;
				CLANG_WARN_SUSPICIOUS_MOVE = YES;
				CLANG_WARN_UNGUARDED_AVAILABILITY = YES_AGGRESSIVE;
				CLANG_WARN_UNREACHABLE_CODE = YES;
				CLANG_WARN__DUPLICATE_METHOD_MATCH = YES;
				CODE_SIGN_IDENTITY = "iPhone Developer";
				COPY_PHASE_STRIP = NO;
				DEBUG_INFORMATION_FORMAT = "dwarf-with-dsym";
				ENABLE_NS_ASSERTIONS = NO;
				ENABLE_STRICT_OBJC_MSGSEND = YES;
				GCC_C_LANGUAGE_STANDARD = gnu11;
				GCC_NO_COMMON_BLOCKS = YES;
				GCC_WARN_64_TO_32_BIT_CONVERSION = YES;
				GCC_WARN_ABOUT_RETURN_TYPE = YES_ERROR;
				GCC_WARN_UNDECLARED_SELECTOR = YES;
				GCC_WARN_UNINITIALIZED_AUTOS = YES_AGGRESSIVE;
				GCC_WARN_UNUSED_FUNCTION = YES;
				GCC_WARN_UNUSED_VARIABLE = YES;
				IPHONEOS_DEPLOYMENT_TARGET = 12.2;
				MTL_ENABLE_DEBUG_INFO = NO;
				MTL_FAST_MATH = YES;
				OTHER_LDFLAGS = "";
				SDKROOT = iphoneos;
				SWIFT_COMPILATION_MODE = wholemodule;
				SWIFT_OPTIMIZATION_LEVEL = "-O";
				VALIDATE_PRODUCT = YES;
			};
			name = Release;
		};
		EF059731229C2A3F00B54552 /* Debug */ = {
			isa = XCBuildConfiguration;
			baseConfigurationReference = 3721CDA7E61CABA42525D314 /* Pods-Bye Thing.debug.xcconfig */;
			buildSettings = {
				ASSETCATALOG_COMPILER_APPICON_NAME = AppIcon;
				CLANG_ENABLE_MODULES = YES;
				CODE_SIGN_STYLE = Automatic;
				DEVELOPMENT_TEAM = QR6XGRX82W;
				INFOPLIST_FILE = "Bye Thing/Info.plist";
				LD_RUNPATH_SEARCH_PATHS = (
					"$(inherited)",
					"@executable_path/Frameworks",
				);
				PRODUCT_BUNDLE_IDENTIFIER = "com.l.shaochien.Bye-Thing";
				PRODUCT_NAME = "$(TARGET_NAME)";
				SWIFT_OBJC_BRIDGING_HEADER = "Bye Thing-Bridging-Header.h";
				SWIFT_OPTIMIZATION_LEVEL = "-Onone";
				SWIFT_VERSION = 5.0;
				TARGETED_DEVICE_FAMILY = "1,2";
			};
			name = Debug;
		};
		EF059732229C2A3F00B54552 /* Release */ = {
			isa = XCBuildConfiguration;
			baseConfigurationReference = B683F3C1B2CB325EC76CF140 /* Pods-Bye Thing.release.xcconfig */;
			buildSettings = {
				ASSETCATALOG_COMPILER_APPICON_NAME = AppIcon;
				CLANG_ENABLE_MODULES = YES;
				CODE_SIGN_STYLE = Automatic;
				DEVELOPMENT_TEAM = QR6XGRX82W;
				INFOPLIST_FILE = "Bye Thing/Info.plist";
				LD_RUNPATH_SEARCH_PATHS = (
					"$(inherited)",
					"@executable_path/Frameworks",
				);
				PRODUCT_BUNDLE_IDENTIFIER = "com.l.shaochien.Bye-Thing";
				PRODUCT_NAME = "$(TARGET_NAME)";
				SWIFT_OBJC_BRIDGING_HEADER = "Bye Thing-Bridging-Header.h";
				SWIFT_VERSION = 5.0;
				TARGETED_DEVICE_FAMILY = "1,2";
			};
			name = Release;
		};
/* End XCBuildConfiguration section */

/* Begin XCConfigurationList section */
		EF059719229C2A3E00B54552 /* Build configuration list for PBXProject "Bye Thing" */ = {
			isa = XCConfigurationList;
			buildConfigurations = (
				EF05972E229C2A3F00B54552 /* Debug */,
				EF05972F229C2A3F00B54552 /* Release */,
			);
			defaultConfigurationIsVisible = 0;
			defaultConfigurationName = Release;
		};
		EF059730229C2A3F00B54552 /* Build configuration list for PBXNativeTarget "Bye Thing" */ = {
			isa = XCConfigurationList;
			buildConfigurations = (
				EF059731229C2A3F00B54552 /* Debug */,
				EF059732229C2A3F00B54552 /* Release */,
			);
			defaultConfigurationIsVisible = 0;
			defaultConfigurationName = Release;
		};
/* End XCConfigurationList section */
	};
	rootObject = EF059716229C2A3E00B54552 /* Project object */;
}
